# THIS IS AN AUTOGENERATED FILE. DO NOT EDIT THIS FILE DIRECTLY.
# yarn lockfile v1


"@faker-js/faker@^6.0.0-alpha.5":
  version "6.3.1"
  resolved "https://registry.yarnpkg.com/@faker-js/faker/-/faker-6.3.1.tgz#1ae963dd40405450a2945408cba553e1afa3e0fb"
  integrity sha512-8YXBE2ZcU/pImVOHX7MWrSR/X5up7t6rPWZlk34RwZEcdr3ua6X+32pSd6XuOQRN+vbuvYNfA6iey8NbrjuMFQ==

"@types/k6@^0.45.0":
  version "0.45.0"
  resolved "https://registry.yarnpkg.com/@types/k6/-/k6-0.45.0.tgz#0d678cdbbb2d54fd057296835a11b36b3be6ab96"
  integrity sha512-ySQ1LQ67kqYz/4W6oJ/9afPWHV/2GYKVUQFkOzM+fBtY2POCY8D7GX4F6rT0R8u2Be/DK8s1Ypr2s+LbToj/oA==

date-fns@^2.28.0:
  version "2.28.0"
  resolved "https://registry.yarnpkg.com/date-fns/-/date-fns-2.28.0.tgz#9570d656f5fc13143e50c975a3b6bbeb46cd08b2"
  integrity sha512-8d35hViGYx/QH0icHYCeLmsLmMUheMmTyV9Fcm6gvNwdw31yXXH+O85sOBJ+OLnLQMKZowvpKb6FgMIQjcpvQw==

fsevents@2.3.2:
  version "2.3.2"
  resolved "https://registry.yarnpkg.com/fsevents/-/fsevents-2.3.2.tgz#8a526f78b8fdf4623b709e0b975c52c24c02fd1a"
  integrity sha512-xiqMQR4xAeHTuB9uWm+fFRcIOgKBMiOBP+eXiyT7jsgVCq1bkVygt00oASowB7EdtpOHaaPgKt812P9ab+DDKA==

playwright-core@1.48.1:
  version "1.48.1"
  resolved "https://registry.yarnpkg.com/playwright-core/-/playwright-core-1.48.1.tgz#5fe28fb9a9326dae88d4608c35e819163cceeb23"
  integrity sha512-Yw/t4VAFX/bBr1OzwCuOMZkY1Cnb4z/doAFSwf4huqAGWmf9eMNjmK7NiOljCdLmxeRYcGPPmcDgU0zOlzP0YA==

playwright@^1.36.1:
  version "1.48.1"
  resolved "https://registry.yarnpkg.com/playwright/-/playwright-1.48.1.tgz#2a920cfbec4572c84789e757d8b044baaed49435"
  integrity sha512-j8CiHW/V6HxmbntOfyB4+T/uk08tBy6ph0MpBXwuoofkSnLmlfdYNNkFTYD6ofzzlSqLA1fwH4vwvVFvJgLN0w==
  dependencies:
    playwright-core "1.48.1"
  optionalDependencies:
    fsevents "2.3.2"

typescript@^5.1.6:
  version "5.1.6"
  resolved "https://registry.yarnpkg.com/typescript/-/typescript-5.1.6.tgz#02f8ac202b6dad2c0dd5e0913745b47a37998274"
  integrity sha512-zaWCozRZ6DLEWAWFrVDz1H6FVXzUSfTy5FUMWsQlU8Ym5JP9eO4xkTIROFCQvhQf61z6O/G6ugw3SgAnvvm+HA==
