# THIS IS AN AUTOGENERATED FILE. DO NOT EDIT THIS FILE DIRECTLY.
# yarn lockfile v1


"@faker-js/faker@^6.0.0-alpha.5":
  version "6.3.1"
  resolved "https://registry.yarnpkg.com/@faker-js/faker/-/faker-6.3.1.tgz#1ae963dd40405450a2945408cba553e1afa3e0fb"
  integrity sha512-8YXBE2ZcU/pImVOHX7MWrSR/X5up7t6rPWZlk34RwZEcdr3ua6X+32pSd6XuOQRN+vbuvYNfA6iey8NbrjuMFQ==

"@types/k6@^0.45.0":
  version "0.45.0"
  resolved "https://registry.yarnpkg.com/@types/k6/-/k6-0.45.0.tgz#0d678cdbbb2d54fd057296835a11b36b3be6ab96"
  integrity sha512-ySQ1LQ67kqYz/4W6oJ/9afPWHV/2GYKVUQFkOzM+fBtY2POCY8D7GX4F6rT0R8u2Be/DK8s1Ypr2s+LbToj/oA==

date-fns@^2.28.0:
  version "2.28.0"
  resolved "https://registry.yarnpkg.com/date-fns/-/date-fns-2.28.0.tgz#9570d656f5fc13143e50c975a3b6bbeb46cd08b2"
  integrity sha512-8d35hViGYx/QH0icHYCeLmsLmMUheMmTyV9Fcm6gvNwdw31yXXH+O85sOBJ+OLnLQMKZowvpKb6FgMIQjcpvQw==

playwright-core@1.36.1:
  version "1.36.1"
  resolved "https://registry.yarnpkg.com/playwright-core/-/playwright-core-1.36.1.tgz#f5f275d70548768ca892583519c89b237a381c77"
  integrity sha512-7+tmPuMcEW4xeCL9cp9KxmYpQYHKkyjwoXRnoeTowaeNat8PoBMk/HwCYhqkH2fRkshfKEOiVus/IhID2Pg8kg==

playwright@^1.36.1:
  version "1.36.1"
  resolved "https://registry.yarnpkg.com/playwright/-/playwright-1.36.1.tgz#bd01541048b4ea54bcf1989e61e0129f34d2df71"
  integrity sha512-2ZqHpD0U0COKR8bqR3W5IkyIAAM0mT9FgGJB9xWCI1qAUkqLxJskA1ueeQOTH2Qfz3+oxdwwf2EzdOX+RkZmmQ==
  dependencies:
    playwright-core "1.36.1"

typescript@^5.1.6:
  version "5.6.3"
  resolved "https://registry.yarnpkg.com/typescript/-/typescript-5.6.3.tgz#5f3449e31c9d94febb17de03cc081dd56d81db5b"
  integrity sha512-hjcS1mhfuyi4WW8IWtjP7brDrG2cuDZukyrYrSauoXGNgx0S7zceP07adYkJycEr56BOUTNPzbInooiN3fn1qw==
